
Microsoft Visual Studio Solution File, Format Version 12.00
# Visual Studio 15
VisualStudioVersion = 15.0.28307.106
MinimumVisualStudioVersion = 10.0.40219.1
Project("{FAE04EC0-301F-11D3-BF4B-00C04F79EFBC}") = "LogicLayer", "IntegrationstestProgram\LogicLayer.csproj", "{F5EA8AF3-7CFA-454C-889E-5647B4B34A4A}"
EndProject
Project("{FAE04EC0-301F-11D3-BF4B-00C04F79EFBC}") = "PresentationLayer", "PresentationLayer\PresentationLayer.csproj", "{DAD9EF32-BED1-43D2-95CD-360B35C3A31E}"
EndProject
Project("{FAE04EC0-301F-11D3-BF4B-00C04F79EFBC}") = "Domain", "Domain\Domain.csproj", "{C5EAEA2E-8FDE-46B3-AEBE-C2CE5A4D9880}"
EndProject
Project("{FAE04EC0-301F-11D3-BF4B-00C04F79EFBC}") = "DataLayer", "DataLayer\DataLayer.csproj", "{12A42B3A-E1B2-4711-9F5B-AA214B6940E9}"
EndProject
Project("{FAE04EC0-301F-11D3-BF4B-00C04F79EFBC}") = "Main2", "Main2\Main2.csproj", "{CA0706A1-F09C-4BDA-B62D-FD1462281846}"
EndProject
Global
	GlobalSection(SolutionConfigurationPlatforms) = preSolution
		Debug|Any CPU = Debug|Any CPU
		Release|Any CPU = Release|Any CPU
	EndGlobalSection
	GlobalSection(ProjectConfigurationPlatforms) = postSolution
		{F5EA8AF3-7CFA-454C-889E-5647B4B34A4A}.Debug|Any CPU.ActiveCfg = Debug|Any CPU
		{F5EA8AF3-7CFA-454C-889E-5647B4B34A4A}.Debug|Any CPU.Build.0 = Debug|Any CPU
		{F5EA8AF3-7CFA-454C-889E-5647B4B34A4A}.Release|Any CPU.ActiveCfg = Release|Any CPU
		{F5EA8AF3-7CFA-454C-889E-5647B4B34A4A}.Release|Any CPU.Build.0 = Release|Any CPU
		{DAD9EF32-BED1-43D2-95CD-360B35C3A31E}.Debug|Any CPU.ActiveCfg = Debug|Any CPU
		{DAD9EF32-BED1-43D2-95CD-360B35C3A31E}.Debug|Any CPU.Build.0 = Debug|Any CPU
		{DAD9EF32-BED1-43D2-95CD-360B35C3A31E}.Release|Any CPU.ActiveCfg = Release|Any CPU
		{DAD9EF32-BED1-43D2-95CD-360B35C3A31E}.Release|Any CPU.Build.0 = Release|Any CPU
		{C5EAEA2E-8FDE-46B3-AEBE-C2CE5A4D9880}.Debug|Any CPU.ActiveCfg = Debug|Any CPU
		{C5EAEA2E-8FDE-46B3-AEBE-C2CE5A4D9880}.Debug|Any CPU.Build.0 = Debug|Any CPU
		{C5EAEA2E-8FDE-46B3-AEBE-C2CE5A4D9880}.Release|Any CPU.ActiveCfg = Release|Any CPU
		{C5EAEA2E-8FDE-46B3-AEBE-C2CE5A4D9880}.Release|Any CPU.Build.0 = Release|Any CPU
		{12A42B3A-E1B2-4711-9F5B-AA214B6940E9}.Debug|Any CPU.ActiveCfg = Debug|Any CPU
		{12A42B3A-E1B2-4711-9F5B-AA214B6940E9}.Debug|Any CPU.Build.0 = Debug|Any CPU
		{12A42B3A-E1B2-4711-9F5B-AA214B6940E9}.Release|Any CPU.ActiveCfg = Release|Any CPU
		{12A42B3A-E1B2-4711-9F5B-AA214B6940E9}.Release|Any CPU.Build.0 = Release|Any CPU
		{CA0706A1-F09C-4BDA-B62D-FD1462281846}.Debug|Any CPU.ActiveCfg = Debug|Any CPU
		{CA0706A1-F09C-4BDA-B62D-FD1462281846}.Debug|Any CPU.Build.0 = Debug|Any CPU
		{CA0706A1-F09C-4BDA-B62D-FD1462281846}.Release|Any CPU.ActiveCfg = Release|Any CPU
		{CA0706A1-F09C-4BDA-B62D-FD1462281846}.Release|Any CPU.Build.0 = Release|Any CPU
	EndGlobalSection
	GlobalSection(SolutionProperties) = preSolution
		HideSolutionNode = FALSE
	EndGlobalSection
	GlobalSection(ExtensibilityGlobals) = postSolution
		SolutionGuid = {0C123983-23D3-4CF0-9FC7-6E0F34A2C2B0}
	EndGlobalSection
EndGlobal
